# DO NOT EDIT MANUALLY - Managed by Fern Replay
version: "1.0"
generations:
  - commit_sha: 2663c81195be837e1a95ad2cef9e543e02c304ba
    tree_hash: 31c189ccad3bf2b2feec6914d03a1a4af5de28e3
    timestamp: 2026-05-30T04:11:21.960Z
    cli_version: unknown
    generator_versions: {}
  - commit_sha: 6954becd41336ee2bb34235ba4953cb894f6d170
    tree_hash: 096f31d06c2473d5a32f33c1b344d679bc4e63d1
    timestamp: 2026-07-16T15:07:45.518Z
    cli_version: unknown
    generator_versions:
      fernapi/fern-python-sdk: 4.25.6
  - commit_sha: 62773ec0d29bb5cbf215e5505ef7f203ecd53642
    tree_hash: d408ef7dcb6e66615f4ffd6ed6e8f2b8572627e7
    timestamp: 2026-07-17T00:34:07.158Z
    cli_version: unknown
    generator_versions:
      fernapi/fern-python-sdk: 4.25.6
  - commit_sha: 0e87d18321017da9cd031e614dfe75cc82c5b720
    tree_hash: 2cb662be7f887e138fd6857be6429068fc7115b1
    timestamp: 2026-07-21T20:05:07.151Z
    cli_version: unknown
    generator_versions:
      fernapi/fern-python-sdk: 4.25.6
current_generation: 0e87d18321017da9cd031e614dfe75cc82c5b720
patches: []
