# DO NOT EDIT MANUALLY - Managed by Fern Replay
version: "1.0"
generations:
  - commit_sha: 2663c81195be837e1a95ad2cef9e543e02c304ba
    tree_hash: 31c189ccad3bf2b2feec6914d03a1a4af5de28e3
    timestamp: 2026-05-30T04:11:21.960Z
    cli_version: unknown
    generator_versions: {}
current_generation: 2663c81195be837e1a95ad2cef9e543e02c304ba
patches: []
